<?xml version="1.0" encoding="utf-8"?>
<Project ToolsVersion="4.0" xmlns="http://schemas.microsoft.com/developer/msbuild/2003">
  <ItemGroup>
    <Filter Include="Исходные файлы">
      <UniqueIdentifier>{4FC737F1-C7A5-4376-A066-2A32D752A2FF}</UniqueIdentifier>
      <Extensions>cpp;c;cc;cxx;c++;cppm;ixx;def;odl;idl;hpj;bat;asm;asmx</Extensions>
    </Filter>
    <Filter Include="Файлы заголовков">
      <UniqueIdentifier>{93995380-89BD-4b04-88EB-625FBE52EBFB}</UniqueIdentifier>
      <Extensions>h;hh;hpp;hxx;h++;hm;inl;inc;ipp;xsd</Extensions>
    </Filter>
    <Filter Include="Файлы ресурсов">
      <UniqueIdentifier>{67DA6AB6-F800-4c08-8B7A-83BB121AAD01}</UniqueIdentifier>
      <Extensions>rc;ico;cur;bmp;dlg;rc2;rct;bin;rgs;gif;jpg;jpeg;jpe;resx;tiff;tif;png;wav;mfcribbon-ms</Extensions>
    </Filter>
  </ItemGroup>
  <ItemGroup>
    <ClCompile Include="TestProc.cpp">
      <Filter>Исходные файлы</Filter>
    </ClCompile>
    <ClCompile Include="pch.cpp">
      <Filter>Исходные файлы</Filter>
    </ClCompile>
  </ItemGroup>
  <ItemGroup>
    <ClInclude Include="pch.h">
      <Filter>Файлы заголовков</Filter>
    </ClInclude>
  </ItemGroup>
  <ItemGroup>
    <Text Include="..\TechOfProg_Proc\x64\Debug\in.txt">
      <Filter>Файлы ресурсов</Filter>
    </Text>
    <Text Include="..\TechOfProg_Proc\x64\Debug\in1.txt">
      <Filter>Файлы ресурсов</Filter>
    </Text>
    <Text Include="..\TechOfProg_Proc\x64\Debug\in2.txt">
      <Filter>Файлы ресурсов</Filter>
    </Text>
    <Text Include="..\TechOfProg_Proc\x64\Debug\inClear.txt">
      <Filter>Файлы ресурсов</Filter>
    </Text>
    <Text Include="..\TechOfProg_Proc\x64\Debug\out.txt">
      <Filter>Файлы ресурсов</Filter>
    </Text>
    <Text Include="..\TechOfProg_Proc\x64\Debug\out1.txt">
      <Filter>Файлы ресурсов</Filter>
    </Text>
    <Text Include="..\TechOfProg_Proc\x64\Debug\out2.txt">
      <Filter>Файлы ресурсов</Filter>
    </Text>
    <Text Include="..\TechOfProg_Proc\x64\Debug\outClear.txt">
      <Filter>Файлы ресурсов</Filter>
    </Text>
    <Text Include="..\TechOfProg_Proc\x64\Debug\outComp.txt">
      <Filter>Файлы ресурсов</Filter>
    </Text>
    <Text Include="..\TechOfProg_Proc\x64\Debug\outComp1.txt">
      <Filter>Файлы ресурсов</Filter>
    </Text>
    <Text Include="..\TechOfProg_Proc\x64\Debug\outComp2.txt">
      <Filter>Файлы ресурсов</Filter>
    </Text>
    <Text Include="..\TechOfProg_Proc\x64\Debug\outMy.txt">
      <Filter>Файлы ресурсов</Filter>
    </Text>
    <Text Include="..\TechOfProg_Proc\x64\Debug\outMy1.txt">
      <Filter>Файлы ресурсов</Filter>
    </Text>
    <Text Include="..\TechOfProg_Proc\x64\Debug\outMy2.txt">
      <Filter>Файлы ресурсов</Filter>
    </Text>
    <Text Include="..\TechOfProg_Proc\x64\Debug\outMyClear.txt">
      <Filter>Файлы ресурсов</Filter>
    </Text>
    <Text Include="..\TechOfProg_Proc\x64\Debug\outMyComp.txt">
      <Filter>Файлы ресурсов</Filter>
    </Text>
    <Text Include="..\TechOfProg_Proc\x64\Debug\outMyComp1.txt">
      <Filter>Файлы ресурсов</Filter>
    </Text>
    <Text Include="..\TechOfProg_Proc\x64\Debug\outMyComp2.txt">
      <Filter>Файлы ресурсов</Filter>
    </Text>
    <Text Include="..\TechOfProg_Proc\x64\Debug\outMySort.txt">
      <Filter>Файлы ресурсов</Filter>
    </Text>
    <Text Include="..\TechOfProg_Proc\x64\Debug\outMySort1.txt">
      <Filter>Файлы ресурсов</Filter>
    </Text>
    <Text Include="..\TechOfProg_Proc\x64\Debug\outMySort2.txt">
      <Filter>Файлы ресурсов</Filter>
    </Text>
    <Text Include="..\TechOfProg_Proc\x64\Debug\outSort.txt">
      <Filter>Файлы ресурсов</Filter>
    </Text>
    <Text Include="..\TechOfProg_Proc\x64\Debug\outSort1.txt">
      <Filter>Файлы ресурсов</Filter>
    </Text>
    <Text Include="..\TechOfProg_Proc\x64\Debug\outSort2.txt">
      <Filter>Файлы ресурсов</Filter>
    </Text>
    <Text Include="..\TechOfProg_Proc\x64\Debug\inSimple.txt">
      <Filter>Файлы ресурсов</Filter>
    </Text>
    <Text Include="..\TechOfProg_Proc\x64\Debug\inComplex.txt">
      <Filter>Файлы ресурсов</Filter>
    </Text>
    <Text Include="..\TechOfProg_Proc\x64\Debug\inPolar.txt">
      <Filter>Файлы ресурсов</Filter>
    </Text>
    <Text Include="..\TechOfProg_Proc\x64\Debug\inComplex1.txt">
      <Filter>Файлы ресурсов</Filter>
    </Text>
    <Text Include="..\TechOfProg_Proc\x64\Debug\inComplex2.txt">
      <Filter>Файлы ресурсов</Filter>
    </Text>
    <Text Include="..\TechOfProg_Proc\x64\Debug\inPolar1.txt">
      <Filter>Файлы ресурсов</Filter>
    </Text>
    <Text Include="..\TechOfProg_Proc\x64\Debug\inPolar2.txt">
      <Filter>Файлы ресурсов</Filter>
    </Text>
    <Text Include="..\TechOfProg_Proc\x64\Debug\inSimple1.txt">
      <Filter>Файлы ресурсов</Filter>
    </Text>
    <Text Include="..\TechOfProg_Proc\x64\Debug\inSimple2.txt">
      <Filter>Файлы ресурсов</Filter>
    </Text>
    <Text Include="..\TechOfProg_Proc\x64\Debug\inSort.txt">
      <Filter>Файлы ресурсов</Filter>
    </Text>
    <Text Include="..\TechOfProg_Proc\x64\Debug\outMySort3.txt">
      <Filter>Файлы ресурсов</Filter>
    </Text>
    <Text Include="..\TechOfProg_Proc\x64\Debug\outSort3.txt">
      <Filter>Файлы ресурсов</Filter>
    </Text>
  </ItemGroup>
</Project>